
Microsoft Visual Studio Solution File, Format Version 12.00
# Visual Studio Version 17
VisualStudioVersion = 17.5.33424.131
MinimumVisualStudioVersion = 10.0.40219.1
Project("{FAE04EC0-301F-11D3-BF4B-00C04F79EFBC}") = "FinalProject", "FinalProject\FinalProject.csproj", "{AB907034-693C-43C7-9350-5E0AFE7752CF}"
EndProject
Global
	GlobalSection(SolutionConfigurationPlatforms) = preSolution
		Debug|Any CPU = Debug|Any CPU
		Release|Any CPU = Release|Any CPU
	EndGlobalSection
	GlobalSection(ProjectConfigurationPlatforms) = postSolution
		{AB907034-693C-43C7-9350-5E0AFE7752CF}.Debug|Any CPU.ActiveCfg = Debug|Any CPU
		{AB907034-693C-43C7-9350-5E0AFE7752CF}.Debug|Any CPU.Build.0 = Debug|Any CPU
		{AB907034-693C-43C7-9350-5E0AFE7752CF}.Release|Any CPU.ActiveCfg = Release|Any CPU
		{AB907034-693C-43C7-9350-5E0AFE7752CF}.Release|Any CPU.Build.0 = Release|Any CPU
	EndGlobalSection
	GlobalSection(SolutionProperties) = preSolution
		HideSolutionNode = FALSE
	EndGlobalSection
	GlobalSection(ExtensibilityGlobals) = postSolution
		SolutionGuid = {874AC8E6-4DDB-4940-8003-523D944CA56B}
	EndGlobalSection
EndGlobal
